
Microsoft Visual Studio Solution File, Format Version 12.00
# Visual Studio Version 16
VisualStudioVersion = 16.0.29519.181
MinimumVisualStudioVersion = 10.0.40219.1
Project("{FAE04EC0-301F-11D3-BF4B-00C04F79EFBC}") = "HoneyCombTree", "HoneyCombTree\HoneyCombTree.csproj", "{506927C3-2557-4076-B83F-0FD67BF2B4DB}"
EndProject
Global
	GlobalSection(SolutionConfigurationPlatforms) = preSolution
		Debug|Any CPU = Debug|Any CPU
		Release|Any CPU = Release|Any CPU
	EndGlobalSection
	GlobalSection(ProjectConfigurationPlatforms) = postSolution
		{506927C3-2557-4076-B83F-0FD67BF2B4DB}.Debug|Any CPU.ActiveCfg = Debug|Any CPU
		{506927C3-2557-4076-B83F-0FD67BF2B4DB}.Debug|Any CPU.Build.0 = Debug|Any CPU
		{506927C3-2557-4076-B83F-0FD67BF2B4DB}.Release|Any CPU.ActiveCfg = Release|Any CPU
		{506927C3-2557-4076-B83F-0FD67BF2B4DB}.Release|Any CPU.Build.0 = Release|Any CPU
	EndGlobalSection
	GlobalSection(SolutionProperties) = preSolution
		HideSolutionNode = FALSE
	EndGlobalSection
	GlobalSection(ExtensibilityGlobals) = postSolution
		SolutionGuid = {DD48CD63-B5B7-47CA-BEF9-BDE8823D30D6}
	EndGlobalSection
EndGlobal
